
Microsoft Visual Studio Solution File, Format Version 12.00
# Visual Studio Version 17
VisualStudioVersion = 17.5.33627.172
MinimumVisualStudioVersion = 10.0.40219.1
Project("{FAE04EC0-301F-11D3-BF4B-00C04F79EFBC}") = "DockerComposePoc", "DockerComposePoc\DockerComposePoc.csproj", "{5A03F835-C5F7-48BA-A8B4-EFD2B394036F}"
EndProject
Global
	GlobalSection(SolutionConfigurationPlatforms) = preSolution
		Debug|Any CPU = Debug|Any CPU
		Release|Any CPU = Release|Any CPU
	EndGlobalSection
	GlobalSection(ProjectConfigurationPlatforms) = postSolution
		{5A03F835-C5F7-48BA-A8B4-EFD2B394036F}.Debug|Any CPU.ActiveCfg = Debug|Any CPU
		{5A03F835-C5F7-48BA-A8B4-EFD2B394036F}.Debug|Any CPU.Build.0 = Debug|Any CPU
		{5A03F835-C5F7-48BA-A8B4-EFD2B394036F}.Release|Any CPU.ActiveCfg = Release|Any CPU
		{5A03F835-C5F7-48BA-A8B4-EFD2B394036F}.Release|Any CPU.Build.0 = Release|Any CPU
	EndGlobalSection
	GlobalSection(SolutionProperties) = preSolution
		HideSolutionNode = FALSE
	EndGlobalSection
	GlobalSection(ExtensibilityGlobals) = postSolution
		SolutionGuid = {6C803DC2-DD7D-4409-A36A-E401D25218D3}
	EndGlobalSection
EndGlobal
